
Microsoft Visual Studio Solution File, Format Version 12.00
# Visual Studio Version 17
VisualStudioVersion = 17.14.36603.0 d17.14
MinimumVisualStudioVersion = 10.0.40219.1
Project("{FAE04EC0-301F-11D3-BF4B-00C04F79EFBC}") = "ArchivoFinalProgramación", "ArchivoFinalProgramación.csproj", "{205B51A4-70D5-492D-854A-AA5A7B06F95C}"
EndProject
Global
	GlobalSection(SolutionConfigurationPlatforms) = preSolution
		Debug|Any CPU = Debug|Any CPU
		Release|Any CPU = Release|Any CPU
	EndGlobalSection
	GlobalSection(ProjectConfigurationPlatforms) = postSolution
		{205B51A4-70D5-492D-854A-AA5A7B06F95C}.Debug|Any CPU.ActiveCfg = Debug|Any CPU
		{205B51A4-70D5-492D-854A-AA5A7B06F95C}.Debug|Any CPU.Build.0 = Debug|Any CPU
		{205B51A4-70D5-492D-854A-AA5A7B06F95C}.Release|Any CPU.ActiveCfg = Release|Any CPU
		{205B51A4-70D5-492D-854A-AA5A7B06F95C}.Release|Any CPU.Build.0 = Release|Any CPU
	EndGlobalSection
	GlobalSection(SolutionProperties) = preSolution
		HideSolutionNode = FALSE
	EndGlobalSection
	GlobalSection(ExtensibilityGlobals) = postSolution
		SolutionGuid = {F68BEB50-1E76-4BB9-8B55-07101AC7FAD3}
	EndGlobalSection
EndGlobal
